
Microsoft Visual Studio Solution File, Format Version 12.00
# Visual Studio Version 16
VisualStudioVersion = 16.0.30621.155
MinimumVisualStudioVersion = 10.0.40219.1
Project("{FAE04EC0-301F-11D3-BF4B-00C04F79EFBC}") = "invelitoare convexa", "invelitoare convexa\invelitoare convexa.csproj", "{6DAF54FA-426E-4DE5-925F-414FD0E7AE9D}"
EndProject
Global
	GlobalSection(SolutionConfigurationPlatforms) = preSolution
		Debug|Any CPU = Debug|Any CPU
		Release|Any CPU = Release|Any CPU
	EndGlobalSection
	GlobalSection(ProjectConfigurationPlatforms) = postSolution
		{6DAF54FA-426E-4DE5-925F-414FD0E7AE9D}.Debug|Any CPU.ActiveCfg = Debug|Any CPU
		{6DAF54FA-426E-4DE5-925F-414FD0E7AE9D}.Debug|Any CPU.Build.0 = Debug|Any CPU
		{6DAF54FA-426E-4DE5-925F-414FD0E7AE9D}.Release|Any CPU.ActiveCfg = Release|Any CPU
		{6DAF54FA-426E-4DE5-925F-414FD0E7AE9D}.Release|Any CPU.Build.0 = Release|Any CPU
	EndGlobalSection
	GlobalSection(SolutionProperties) = preSolution
		HideSolutionNode = FALSE
	EndGlobalSection
	GlobalSection(ExtensibilityGlobals) = postSolution
		SolutionGuid = {19AB030B-2D7F-4BF5-B255-9638FF208017}
	EndGlobalSection
EndGlobal
